
Microsoft Visual Studio Solution File, Format Version 12.00
# Visual Studio Version 17
VisualStudioVersion = 17.9.34728.123
MinimumVisualStudioVersion = 10.0.40219.1
Project("{FAE04EC0-301F-11D3-BF4B-00C04F79EFBC}") = "EasyCut", "EasyCut.csproj", "{682A896C-8173-4CF0-8A07-924FEE50DBBE}"
EndProject
Global
	GlobalSection(SolutionConfigurationPlatforms) = preSolution
		Debug|Any CPU = Debug|Any CPU
		Release|Any CPU = Release|Any CPU
	EndGlobalSection
	GlobalSection(ProjectConfigurationPlatforms) = postSolution
		{682A896C-8173-4CF0-8A07-924FEE50DBBE}.Debug|Any CPU.ActiveCfg = Debug|Any CPU
		{682A896C-8173-4CF0-8A07-924FEE50DBBE}.Debug|Any CPU.Build.0 = Debug|Any CPU
		{682A896C-8173-4CF0-8A07-924FEE50DBBE}.Release|Any CPU.ActiveCfg = Release|Any CPU
		{682A896C-8173-4CF0-8A07-924FEE50DBBE}.Release|Any CPU.Build.0 = Release|Any CPU
	EndGlobalSection
	GlobalSection(SolutionProperties) = preSolution
		HideSolutionNode = FALSE
	EndGlobalSection
	GlobalSection(ExtensibilityGlobals) = postSolution
		SolutionGuid = {CC1EEF5A-298F-4275-88B8-02AA25AD0564}
	EndGlobalSection
EndGlobal
